// !$*UTF8*$!
{
	archiveVersion = 1;
	classes = {
	};
	objectVersion = 50;
	objects = {

/* Begin PBXBuildFile section */
		F165C213239FC544005D30EC /* AppDelegate.swift in Sources */ = {isa = PBXBuildFile; fileRef = F165C212239FC544005D30EC /* AppDelegate.swift */; };
		F165C215239FC54D005D30EC /* Assets.xcassets in Resources */ = {isa = PBXBuildFile; fileRef = F165C214239FC54D005D30EC /* Assets.xcassets */; };
		F165C218239FC54D005D30EC /* MainMenu.xib in Resources */ = {isa = PBXBuildFile; fileRef = F165C216239FC54D005D30EC /* MainMenu.xib */; };
		F165C225239FC568005D30EC /* AppDelegate.swift in Sources */ = {isa = PBXBuildFile; fileRef = F165C224239FC568005D30EC /* AppDelegate.swift */; };
		F165C22E239FC56A005D30EC /* Assets.xcassets in Resources */ = {isa = PBXBuildFile; fileRef = F165C22D239FC56A005D30EC /* Assets.xcassets */; };
		F165C231239FC56A005D30EC /* LaunchScreen.storyboard in Resources */ = {isa = PBXBuildFile; fileRef = F165C22F239FC56A005D30EC /* LaunchScreen.storyboard */; };
		F165C236239FC571005D30EC /* Result+Extension.swift in Sources */ = {isa = PBXBuildFile; fileRef = F16F61DA2341083900574EBE /* Result+Extension.swift */; };
		F165C237239FC571005D30EC /* Result+Extension.swift in Sources */ = {isa = PBXBuildFile; fileRef = F16F61DA2341083900574EBE /* Result+Extension.swift */; };
/* End PBXBuildFile section */

/* Begin PBXContainerItemProxy section */
		F15C9F8B23BA88A900F9D524 /* PBXContainerItemProxy */ = {
			isa = PBXContainerItemProxy;
			containerPortal = F16F61C5234107DE00574EBE /* Project object */;
			proxyType = 1;
			remoteGlobalIDString = F165C221239FC568005D30EC;
			remoteInfo = ResultSugar;
		};
/* End PBXContainerItemProxy section */

/* Begin PBXFileReference section */
		F15C9F8623BA88A900F9D524 /* ResultSugarTests.xctest */ = {isa = PBXFileReference; explicitFileType = wrapper.cfbundle; includeInIndex = 0; path = ResultSugarTests.xctest; sourceTree = BUILT_PRODUCTS_DIR; };
		F165C210239FC544005D30EC /* ResultSugarMacOS.app */ = {isa = PBXFileReference; explicitFileType = wrapper.application; includeInIndex = 0; path = ResultSugarMacOS.app; sourceTree = BUILT_PRODUCTS_DIR; };
		F165C212239FC544005D30EC /* AppDelegate.swift */ = {isa = PBXFileReference; lastKnownFileType = sourcecode.swift; path = AppDelegate.swift; sourceTree = "<group>"; };
		F165C214239FC54D005D30EC /* Assets.xcassets */ = {isa = PBXFileReference; lastKnownFileType = folder.assetcatalog; path = Assets.xcassets; sourceTree = "<group>"; };
		F165C217239FC54D005D30EC /* Base */ = {isa = PBXFileReference; lastKnownFileType = file.xib; name = Base; path = Base.lproj/MainMenu.xib; sourceTree = "<group>"; };
		F165C219239FC54D005D30EC /* Info.plist */ = {isa = PBXFileReference; lastKnownFileType = text.plist.xml; path = Info.plist; sourceTree = "<group>"; };
		F165C21A239FC54D005D30EC /* ResultSugarMacOS.entitlements */ = {isa = PBXFileReference; lastKnownFileType = text.plist.entitlements; path = ResultSugarMacOS.entitlements; sourceTree = "<group>"; };
		F165C222239FC568005D30EC /* ResultSugar.app */ = {isa = PBXFileReference; explicitFileType = wrapper.application; includeInIndex = 0; path = ResultSugar.app; sourceTree = BUILT_PRODUCTS_DIR; };
		F165C224239FC568005D30EC /* AppDelegate.swift */ = {isa = PBXFileReference; lastKnownFileType = sourcecode.swift; path = AppDelegate.swift; sourceTree = "<group>"; };
		F165C22D239FC56A005D30EC /* Assets.xcassets */ = {isa = PBXFileReference; lastKnownFileType = folder.assetcatalog; path = Assets.xcassets; sourceTree = "<group>"; };
		F165C230239FC56A005D30EC /* Base */ = {isa = PBXFileReference; lastKnownFileType = file.storyboard; name = Base; path = Base.lproj/LaunchScreen.storyboard; sourceTree = "<group>"; };
		F165C232239FC56A005D30EC /* Info.plist */ = {isa = PBXFileReference; lastKnownFileType = text.plist.xml; path = Info.plist; sourceTree = "<group>"; };
		F16F61DA2341083900574EBE /* Result+Extension.swift */ = {isa = PBXFileReference; fileEncoding = 4; lastKnownFileType = sourcecode.swift; path = "Result+Extension.swift"; sourceTree = "<group>"; };
/* End PBXFileReference section */

/* Begin PBXFrameworksBuildPhase section */
		F15C9F8323BA88A900F9D524 /* Frameworks */ = {
			isa = PBXFrameworksBuildPhase;
			buildActionMask = 2147483647;
			files = (
			);
			runOnlyForDeploymentPostprocessing = 0;
		};
		F165C20D239FC544005D30EC /* Frameworks */ = {
			isa = PBXFrameworksBuildPhase;
			buildActionMask = 2147483647;
			files = (
			);
			runOnlyForDeploymentPostprocessing = 0;
		};
		F165C21F239FC568005D30EC /* Frameworks */ = {
			isa = PBXFrameworksBuildPhase;
			buildActionMask = 2147483647;
			files = (
			);
			runOnlyForDeploymentPostprocessing = 0;
		};
/* End PBXFrameworksBuildPhase section */

/* Begin PBXGroup section */
		F165C211239FC544005D30EC /* ResultSugarMacOS */ = {
			isa = PBXGroup;
			children = (
				F165C212239FC544005D30EC /* AppDelegate.swift */,
				F165C214239FC54D005D30EC /* Assets.xcassets */,
				F165C216239FC54D005D30EC /* MainMenu.xib */,
				F165C219239FC54D005D30EC /* Info.plist */,
				F165C21A239FC54D005D30EC /* ResultSugarMacOS.entitlements */,
			);
			path = ResultSugarMacOS;
			sourceTree = "<group>";
		};
		F165C223239FC568005D30EC /* ResultSugar */ = {
			isa = PBXGroup;
			children = (
				F165C224239FC568005D30EC /* AppDelegate.swift */,
				F165C22D239FC56A005D30EC /* Assets.xcassets */,
				F165C22F239FC56A005D30EC /* LaunchScreen.storyboard */,
				F165C232239FC56A005D30EC /* Info.plist */,
			);
			path = ResultSugar;
			sourceTree = "<group>";
		};
		F165C23C239FC71D005D30EC /* Sources */ = {
			isa = PBXGroup;
			children = (
				F165C23D239FC71D005D30EC /* ResultSugar */,
			);
			path = Sources;
			sourceTree = "<group>";
		};
		F165C23D239FC71D005D30EC /* ResultSugar */ = {
			isa = PBXGroup;
			children = (
				F16F61DA2341083900574EBE /* Result+Extension.swift */,
			);
			path = ResultSugar;
			sourceTree = "<group>";
		};
		F16F61C4234107DE00574EBE = {
			isa = PBXGroup;
			children = (
				F165C23C239FC71D005D30EC /* Sources */,
				F165C211239FC544005D30EC /* ResultSugarMacOS */,
				F165C223239FC568005D30EC /* ResultSugar */,
				F16F61CF234107DE00574EBE /* Products */,
			);
			sourceTree = "<group>";
		};
		F16F61CF234107DE00574EBE /* Products */ = {
			isa = PBXGroup;
			children = (
				F165C210239FC544005D30EC /* ResultSugarMacOS.app */,
				F165C222239FC568005D30EC /* ResultSugar.app */,
				F15C9F8623BA88A900F9D524 /* ResultSugarTests.xctest */,
			);
			name = Products;
			sourceTree = "<group>";
		};
/* End PBXGroup section */

/* Begin PBXNativeTarget section */
		F15C9F8523BA88A900F9D524 /* ResultSugarTests */ = {
			isa = PBXNativeTarget;
			buildConfigurationList = F15C9F8F23BA88A900F9D524 /* Build configuration list for PBXNativeTarget "ResultSugarTests" */;
			buildPhases = (
				F15C9F8223BA88A900F9D524 /* Sources */,
				F15C9F8323BA88A900F9D524 /* Frameworks */,
				F15C9F8423BA88A900F9D524 /* Resources */,
			);
			buildRules = (
			);
			dependencies = (
				F15C9F8C23BA88A900F9D524 /* PBXTargetDependency */,
			);
			name = ResultSugarTests;
			productName = ResultSugarTests;
			productReference = F15C9F8623BA88A900F9D524 /* ResultSugarTests.xctest */;
			productType = "com.apple.product-type.bundle.unit-test";
		};
		F165C20F239FC544005D30EC /* ResultSugarMacOS */ = {
			isa = PBXNativeTarget;
			buildConfigurationList = F165C21B239FC54D005D30EC /* Build configuration list for PBXNativeTarget "ResultSugarMacOS" */;
			buildPhases = (
				F165C20C239FC544005D30EC /* Sources */,
				F165C20D239FC544005D30EC /* Frameworks */,
				F165C20E239FC544005D30EC /* Resources */,
				F165C239239FC588005D30EC /* ShellScript */,
			);
			buildRules = (
			);
			dependencies = (
			);
			name = ResultSugarMacOS;
			productName = ResultSugarMacOS;
			productReference = F165C210239FC544005D30EC /* ResultSugarMacOS.app */;
			productType = "com.apple.product-type.application";
		};
		F165C221239FC568005D30EC /* ResultSugar */ = {
			isa = PBXNativeTarget;
			buildConfigurationList = F165C233239FC56A005D30EC /* Build configuration list for PBXNativeTarget "ResultSugar" */;
			buildPhases = (
				F165C21E239FC568005D30EC /* Sources */,
				F165C21F239FC568005D30EC /* Frameworks */,
				F165C220239FC568005D30EC /* Resources */,
				F165C238239FC57A005D30EC /* ShellScript */,
			);
			buildRules = (
			);
			dependencies = (
			);
			name = ResultSugar;
			productName = ResultSugar;
			productReference = F165C222239FC568005D30EC /* ResultSugar.app */;
			productType = "com.apple.product-type.application";
		};
/* End PBXNativeTarget section */

/* Begin PBXProject section */
		F16F61C5234107DE00574EBE /* Project object */ = {
			isa = PBXProject;
			attributes = {
				LastSwiftUpdateCheck = 1120;
				LastUpgradeCheck = 1020;
				ORGANIZATIONNAME = FutureLab;
				TargetAttributes = {
					F15C9F8523BA88A900F9D524 = {
						CreatedOnToolsVersion = 11.2;
						TestTargetID = F165C221239FC568005D30EC;
					};
					F165C20F239FC544005D30EC = {
						CreatedOnToolsVersion = 11.2;
					};
					F165C221239FC568005D30EC = {
						CreatedOnToolsVersion = 11.2;
					};
				};
			};
			buildConfigurationList = F16F61C8234107DE00574EBE /* Build configuration list for PBXProject "ResultSugariOS" */;
			compatibilityVersion = "Xcode 9.3";
			developmentRegion = en;
			hasScannedForEncodings = 0;
			knownRegions = (
				en,
				Base,
			);
			mainGroup = F16F61C4234107DE00574EBE;
			productRefGroup = F16F61CF234107DE00574EBE /* Products */;
			projectDirPath = "";
			projectRoot = "";
			targets = (
				F165C20F239FC544005D30EC /* ResultSugarMacOS */,
				F165C221239FC568005D30EC /* ResultSugar */,
				F15C9F8523BA88A900F9D524 /* ResultSugarTests */,
			);
		};
/* End PBXProject section */

/* Begin PBXResourcesBuildPhase section */
		F15C9F8423BA88A900F9D524 /* Resources */ = {
			isa = PBXResourcesBuildPhase;
			buildActionMask = 2147483647;
			files = (
			);
			runOnlyForDeploymentPostprocessing = 0;
		};
		F165C20E239FC544005D30EC /* Resources */ = {
			isa = PBXResourcesBuildPhase;
			buildActionMask = 2147483647;
			files = (
				F165C215239FC54D005D30EC /* Assets.xcassets in Resources */,
				F165C218239FC54D005D30EC /* MainMenu.xib in Resources */,
			);
			runOnlyForDeploymentPostprocessing = 0;
		};
		F165C220239FC568005D30EC /* Resources */ = {
			isa = PBXResourcesBuildPhase;
			buildActionMask = 2147483647;
			files = (
				F165C231239FC56A005D30EC /* LaunchScreen.storyboard in Resources */,
				F165C22E239FC56A005D30EC /* Assets.xcassets in Resources */,
			);
			runOnlyForDeploymentPostprocessing = 0;
		};
/* End PBXResourcesBuildPhase section */

/* Begin PBXShellScriptBuildPhase section */
		F165C238239FC57A005D30EC /* ShellScript */ = {
			isa = PBXShellScriptBuildPhase;
			buildActionMask = 2147483647;
			files = (
			);
			inputFileListPaths = (
			);
			inputPaths = (
			);
			outputFileListPaths = (
			);
			outputPaths = (
			);
			runOnlyForDeploymentPostprocessing = 0;
			shellPath = /bin/sh;
			shellScript = "if which swiftlint >/dev/null; then\n  swiftlint\nelse\n  echo \"warning: SwiftLint not installed, download from https://github.com/realm/SwiftLint\"\nfi\n";
		};
		F165C239239FC588005D30EC /* ShellScript */ = {
			isa = PBXShellScriptBuildPhase;
			buildActionMask = 2147483647;
			files = (
			);
			inputFileListPaths = (
			);
			inputPaths = (
			);
			outputFileListPaths = (
			);
			outputPaths = (
			);
			runOnlyForDeploymentPostprocessing = 0;
			shellPath = /bin/sh;
			shellScript = "if which swiftlint >/dev/null; then\n  swiftlint\nelse\n  echo \"warning: SwiftLint not installed, download from https://github.com/realm/SwiftLint\"\nfi\n";
		};
/* End PBXShellScriptBuildPhase section */

/* Begin PBXSourcesBuildPhase section */
		F15C9F8223BA88A900F9D524 /* Sources */ = {
			isa = PBXSourcesBuildPhase;
			buildActionMask = 2147483647;
			files = (
			);
			runOnlyForDeploymentPostprocessing = 0;
		};
		F165C20C239FC544005D30EC /* Sources */ = {
			isa = PBXSourcesBuildPhase;
			buildActionMask = 2147483647;
			files = (
				F165C237239FC571005D30EC /* Result+Extension.swift in Sources */,
				F165C213239FC544005D30EC /* AppDelegate.swift in Sources */,
			);
			runOnlyForDeploymentPostprocessing = 0;
		};
		F165C21E239FC568005D30EC /* Sources */ = {
			isa = PBXSourcesBuildPhase;
			buildActionMask = 2147483647;
			files = (
				F165C236239FC571005D30EC /* Result+Extension.swift in Sources */,
				F165C225239FC568005D30EC /* AppDelegate.swift in Sources */,
			);
			runOnlyForDeploymentPostprocessing = 0;
		};
/* End PBXSourcesBuildPhase section */

/* Begin PBXTargetDependency section */
		F15C9F8C23BA88A900F9D524 /* PBXTargetDependency */ = {
			isa = PBXTargetDependency;
			target = F165C221239FC568005D30EC /* ResultSugar */;
			targetProxy = F15C9F8B23BA88A900F9D524 /* PBXContainerItemProxy */;
		};
/* End PBXTargetDependency section */

/* Begin PBXVariantGroup section */
		F165C216239FC54D005D30EC /* MainMenu.xib */ = {
			isa = PBXVariantGroup;
			children = (
				F165C217239FC54D005D30EC /* Base */,
			);
			name = MainMenu.xib;
			sourceTree = "<group>";
		};
		F165C22F239FC56A005D30EC /* LaunchScreen.storyboard */ = {
			isa = PBXVariantGroup;
			children = (
				F165C230239FC56A005D30EC /* Base */,
			);
			name = LaunchScreen.storyboard;
			sourceTree = "<group>";
		};
/* End PBXVariantGroup section */

/* Begin XCBuildConfiguration section */
		F15C9F8D23BA88A900F9D524 /* Debug */ = {
			isa = XCBuildConfiguration;
			buildSettings = {
				BUNDLE_LOADER = "$(TEST_HOST)";
				CODE_SIGN_STYLE = Automatic;
				INFOPLIST_FILE = Tests/ResultSugarTests/Info.plist;
				IPHONEOS_DEPLOYMENT_TARGET = 13.2;
				LD_RUNPATH_SEARCH_PATHS = (
					"$(inherited)",
					"@executable_path/Frameworks",
					"@loader_path/Frameworks",
				);
				PRODUCT_BUNDLE_IDENTIFIER = io.github.futurelab.ResultSugarTests;
				PRODUCT_NAME = "$(TARGET_NAME)";
				SWIFT_VERSION = 5.0;
				TARGETED_DEVICE_FAMILY = "1,2";
				TEST_HOST = "$(BUILT_PRODUCTS_DIR)/ResultSugar.app/ResultSugar";
			};
			name = Debug;
		};
		F15C9F8E23BA88A900F9D524 /* Release */ = {
			isa = XCBuildConfiguration;
			buildSettings = {
				BUNDLE_LOADER = "$(TEST_HOST)";
				CODE_SIGN_STYLE = Automatic;
				INFOPLIST_FILE = Tests/ResultSugarTests/Info.plist;
				IPHONEOS_DEPLOYMENT_TARGET = 13.2;
				LD_RUNPATH_SEARCH_PATHS = (
					"$(inherited)",
					"@executable_path/Frameworks",
					"@loader_path/Frameworks",
				);
				PRODUCT_BUNDLE_IDENTIFIER = io.github.futurelab.ResultSugarTests;
				PRODUCT_NAME = "$(TARGET_NAME)";
				SWIFT_VERSION = 5.0;
				TARGETED_DEVICE_FAMILY = "1,2";
				TEST_HOST = "$(BUILT_PRODUCTS_DIR)/ResultSugar.app/ResultSugar";
			};
			name = Release;
		};
		F165C21C239FC54D005D30EC /* Debug */ = {
			isa = XCBuildConfiguration;
			buildSettings = {
				ASSETCATALOG_COMPILER_APPICON_NAME = AppIcon;
				CODE_SIGN_ENTITLEMENTS = ResultSugarMacOS/ResultSugarMacOS.entitlements;
				CODE_SIGN_IDENTITY = "-";
				CODE_SIGN_STYLE = Automatic;
				COMBINE_HIDPI_IMAGES = YES;
				INFOPLIST_FILE = ResultSugarMacOS/Info.plist;
				LD_RUNPATH_SEARCH_PATHS = (
					"$(inherited)",
					"@executable_path/../Frameworks",
				);
				MACOSX_DEPLOYMENT_TARGET = 10.15;
				PRODUCT_BUNDLE_IDENTIFIER = io.github.futurelab.ResultSugarMacOS;
				PRODUCT_NAME = "$(TARGET_NAME)";
				SDKROOT = macosx;
				SWIFT_VERSION = 5.0;
			};
			name = Debug;
		};
		F165C21D239FC54D005D30EC /* Release */ = {
			isa = XCBuildConfiguration;
			buildSettings = {
				ASSETCATALOG_COMPILER_APPICON_NAME = AppIcon;
				CODE_SIGN_ENTITLEMENTS = ResultSugarMacOS/ResultSugarMacOS.entitlements;
				CODE_SIGN_IDENTITY = "-";
				CODE_SIGN_STYLE = Automatic;
				COMBINE_HIDPI_IMAGES = YES;
				INFOPLIST_FILE = ResultSugarMacOS/Info.plist;
				LD_RUNPATH_SEARCH_PATHS = (
					"$(inherited)",
					"@executable_path/../Frameworks",
				);
				MACOSX_DEPLOYMENT_TARGET = 10.15;
				PRODUCT_BUNDLE_IDENTIFIER = io.github.futurelab.ResultSugarMacOS;
				PRODUCT_NAME = "$(TARGET_NAME)";
				SDKROOT = macosx;
				SWIFT_VERSION = 5.0;
			};
			name = Release;
		};
		F165C234239FC56A005D30EC /* Debug */ = {
			isa = XCBuildConfiguration;
			buildSettings = {
				ASSETCATALOG_COMPILER_APPICON_NAME = AppIcon;
				CODE_SIGN_STYLE = Automatic;
				INFOPLIST_FILE = ResultSugar/Info.plist;
				IPHONEOS_DEPLOYMENT_TARGET = 13.2;
				LD_RUNPATH_SEARCH_PATHS = (
					"$(inherited)",
					"@executable_path/Frameworks",
				);
				PRODUCT_BUNDLE_IDENTIFIER = io.github.futurelab.ResultSugar;
				PRODUCT_NAME = "$(TARGET_NAME)";
				SWIFT_VERSION = 5.0;
				TARGETED_DEVICE_FAMILY = 1;
			};
			name = Debug;
		};
		F165C235239FC56A005D30EC /* Release */ = {
			isa = XCBuildConfiguration;
			buildSettings = {
				ASSETCATALOG_COMPILER_APPICON_NAME = AppIcon;
				CODE_SIGN_STYLE = Automatic;
				INFOPLIST_FILE = ResultSugar/Info.plist;
				IPHONEOS_DEPLOYMENT_TARGET = 13.2;
				LD_RUNPATH_SEARCH_PATHS = (
					"$(inherited)",
					"@executable_path/Frameworks",
				);
				PRODUCT_BUNDLE_IDENTIFIER = io.github.futurelab.ResultSugar;
				PRODUCT_NAME = "$(TARGET_NAME)";
				SWIFT_VERSION = 5.0;
				TARGETED_DEVICE_FAMILY = 1;
			};
			name = Release;
		};
		F16F61D4234107DE00574EBE /* Debug */ = {
			isa = XCBuildConfiguration;
			buildSettings = {
				ALWAYS_SEARCH_USER_PATHS = NO;
				CLANG_ANALYZER_NONNULL = YES;
				CLANG_ANALYZER_NUMBER_OBJECT_CONVERSION = YES_AGGRESSIVE;
				CLANG_CXX_LANGUAGE_STANDARD = "gnu++14";
				CLANG_CXX_LIBRARY = "libc++";
				CLANG_ENABLE_MODULES = YES;
				CLANG_ENABLE_OBJC_ARC = YES;
				CLANG_ENABLE_OBJC_WEAK = YES;
				CLANG_WARN_BLOCK_CAPTURE_AUTORELEASING = YES;
				CLANG_WARN_BOOL_CONVERSION = YES;
				CLANG_WARN_COMMA = YES;
				CLANG_WARN_CONSTANT_CONVERSION = YES;
				CLANG_WARN_DEPRECATED_OBJC_IMPLEMENTATIONS = YES;
				CLANG_WARN_DIRECT_OBJC_ISA_USAGE = YES_ERROR;
				CLANG_WARN_DOCUMENTATION_COMMENTS = YES;
				CLANG_WARN_EMPTY_BODY = YES;
				CLANG_WARN_ENUM_CONVERSION = YES;
				CLANG_WARN_INFINITE_RECURSION = YES;
				CLANG_WARN_INT_CONVERSION = YES;
				CLANG_WARN_NON_LITERAL_NULL_CONVERSION = YES;
				CLANG_WARN_OBJC_IMPLICIT_RETAIN_SELF = YES;
				CLANG_WARN_OBJC_LITERAL_CONVERSION = YES;
				CLANG_WARN_OBJC_ROOT_CLASS = YES_ERROR;
				CLANG_WARN_RANGE_LOOP_ANALYSIS = YES;
				CLANG_WARN_STRICT_PROTOTYPES = YES;
				CLANG_WARN_SUSPICIOUS_MOVE = YES;
				CLANG_WARN_UNGUARDED_AVAILABILITY = YES_AGGRESSIVE;
				CLANG_WARN_UNREACHABLE_CODE = YES;
				CLANG_WARN__DUPLICATE_METHOD_MATCH = YES;
				CODE_SIGN_IDENTITY = "iPhone Developer";
				COPY_PHASE_STRIP = NO;
				CURRENT_PROJECT_VERSION = 1;
				DEBUG_INFORMATION_FORMAT = dwarf;
				ENABLE_STRICT_OBJC_MSGSEND = YES;
				ENABLE_TESTABILITY = YES;
				GCC_C_LANGUAGE_STANDARD = gnu11;
				GCC_DYNAMIC_NO_PIC = NO;
				GCC_NO_COMMON_BLOCKS = YES;
				GCC_OPTIMIZATION_LEVEL = 0;
				GCC_PREPROCESSOR_DEFINITIONS = (
					"DEBUG=1",
					"$(inherited)",
				);
				GCC_WARN_64_TO_32_BIT_CONVERSION = YES;
				GCC_WARN_ABOUT_RETURN_TYPE = YES_ERROR;
				GCC_WARN_UNDECLARED_SELECTOR = YES;
				GCC_WARN_UNINITIALIZED_AUTOS = YES_AGGRESSIVE;
				GCC_WARN_UNUSED_FUNCTION = YES;
				GCC_WARN_UNUSED_VARIABLE = YES;
				IPHONEOS_DEPLOYMENT_TARGET = 12.2;
				MTL_ENABLE_DEBUG_INFO = INCLUDE_SOURCE;
				MTL_FAST_MATH = YES;
				ONLY_ACTIVE_ARCH = YES;
				SDKROOT = iphoneos;
				SWIFT_ACTIVE_COMPILATION_CONDITIONS = DEBUG;
				SWIFT_OPTIMIZATION_LEVEL = "-Onone";
				VERSIONING_SYSTEM = "apple-generic";
				VERSION_INFO_PREFIX = "";
			};
			name = Debug;
		};
		F16F61D5234107DE00574EBE /* Release */ = {
			isa = XCBuildConfiguration;
			buildSettings = {
				ALWAYS_SEARCH_USER_PATHS = NO;
				CLANG_ANALYZER_NONNULL = YES;
				CLANG_ANALYZER_NUMBER_OBJECT_CONVERSION = YES_AGGRESSIVE;
				CLANG_CXX_LANGUAGE_STANDARD = "gnu++14";
				CLANG_CXX_LIBRARY = "libc++";
				CLANG_ENABLE_MODULES = YES;
				CLANG_ENABLE_OBJC_ARC = YES;
				CLANG_ENABLE_OBJC_WEAK = YES;
				CLANG_WARN_BLOCK_CAPTURE_AUTORELEASING = YES;
				CLANG_WARN_BOOL_CONVERSION = YES;
				CLANG_WARN_COMMA = YES;
				CLANG_WARN_CONSTANT_CONVERSION = YES;
				CLANG_WARN_DEPRECATED_OBJC_IMPLEMENTATIONS = YES;
				CLANG_WARN_DIRECT_OBJC_ISA_USAGE = YES_ERROR;
				CLANG_WARN_DOCUMENTATION_COMMENTS = YES;
				CLANG_WARN_EMPTY_BODY = YES;
				CLANG_WARN_ENUM_CONVERSION = YES;
				CLANG_WARN_INFINITE_RECURSION = YES;
				CLANG_WARN_INT_CONVERSION = YES;
				CLANG_WARN_NON_LITERAL_NULL_CONVERSION = YES;
				CLANG_WARN_OBJC_IMPLICIT_RETAIN_SELF = YES;
				CLANG_WARN_OBJC_LITERAL_CONVERSION = YES;
				CLANG_WARN_OBJC_ROOT_CLASS = YES_ERROR;
				CLANG_WARN_RANGE_LOOP_ANALYSIS = YES;
				CLANG_WARN_STRICT_PROTOTYPES = YES;
				CLANG_WARN_SUSPICIOUS_MOVE = YES;
				CLANG_WARN_UNGUARDED_AVAILABILITY = YES_AGGRESSIVE;
				CLANG_WARN_UNREACHABLE_CODE = YES;
				CLANG_WARN__DUPLICATE_METHOD_MATCH = YES;
				CODE_SIGN_IDENTITY = "iPhone Developer";
				COPY_PHASE_STRIP = NO;
				CURRENT_PROJECT_VERSION = 1;
				DEBUG_INFORMATION_FORMAT = "dwarf-with-dsym";
				ENABLE_NS_ASSERTIONS = NO;
				ENABLE_STRICT_OBJC_MSGSEND = YES;
				GCC_C_LANGUAGE_STANDARD = gnu11;
				GCC_NO_COMMON_BLOCKS = YES;
				GCC_WARN_64_TO_32_BIT_CONVERSION = YES;
				GCC_WARN_ABOUT_RETURN_TYPE = YES_ERROR;
				GCC_WARN_UNDECLARED_SELECTOR = YES;
				GCC_WARN_UNINITIALIZED_AUTOS = YES_AGGRESSIVE;
				GCC_WARN_UNUSED_FUNCTION = YES;
				GCC_WARN_UNUSED_VARIABLE = YES;
				IPHONEOS_DEPLOYMENT_TARGET = 12.2;
				MTL_ENABLE_DEBUG_INFO = NO;
				MTL_FAST_MATH = YES;
				SDKROOT = iphoneos;
				SWIFT_COMPILATION_MODE = wholemodule;
				SWIFT_OPTIMIZATION_LEVEL = "-O";
				VALIDATE_PRODUCT = YES;
				VERSIONING_SYSTEM = "apple-generic";
				VERSION_INFO_PREFIX = "";
			};
			name = Release;
		};
/* End XCBuildConfiguration section */

/* Begin XCConfigurationList section */
		F15C9F8F23BA88A900F9D524 /* Build configuration list for PBXNativeTarget "ResultSugarTests" */ = {
			isa = XCConfigurationList;
			buildConfigurations = (
				F15C9F8D23BA88A900F9D524 /* Debug */,
				F15C9F8E23BA88A900F9D524 /* Release */,
			);
			defaultConfigurationIsVisible = 0;
			defaultConfigurationName = Release;
		};
		F165C21B239FC54D005D30EC /* Build configuration list for PBXNativeTarget "ResultSugarMacOS" */ = {
			isa = XCConfigurationList;
			buildConfigurations = (
				F165C21C239FC54D005D30EC /* Debug */,
				F165C21D239FC54D005D30EC /* Release */,
			);
			defaultConfigurationIsVisible = 0;
			defaultConfigurationName = Release;
		};
		F165C233239FC56A005D30EC /* Build configuration list for PBXNativeTarget "ResultSugar" */ = {
			isa = XCConfigurationList;
			buildConfigurations = (
				F165C234239FC56A005D30EC /* Debug */,
				F165C235239FC56A005D30EC /* Release */,
			);
			defaultConfigurationIsVisible = 0;
			defaultConfigurationName = Release;
		};
		F16F61C8234107DE00574EBE /* Build configuration list for PBXProject "ResultSugariOS" */ = {
			isa = XCConfigurationList;
			buildConfigurations = (
				F16F61D4234107DE00574EBE /* Debug */,
				F16F61D5234107DE00574EBE /* Release */,
			);
			defaultConfigurationIsVisible = 0;
			defaultConfigurationName = Release;
		};
/* End XCConfigurationList section */
	};
	rootObject = F16F61C5234107DE00574EBE /* Project object */;
}
